
Microsoft Visual Studio Solution File, Format Version 12.00
# Visual Studio Version 17
VisualStudioVersion = 17.0.31903.59
MinimumVisualStudioVersion = 10.0.40219.1
Project("{2150E333-8FDC-42A3-9474-1A3956D46DE8}") = "src", "src", "{9500C414-5E29-4D0F-969D-3277A02E55B3}"
EndProject
Project("{FAE04EC0-301F-11D3-BF4B-00C04F79EFBC}") = "Memento.Core", "src\Memento.Core\Memento.Core.csproj", "{A0606275-E07D-482E-BEDE-5B7E657B54AB}"
EndProject
Project("{FAE04EC0-301F-11D3-BF4B-00C04F79EFBC}") = "Memento.Audio", "src\Memento.Audio\Memento.Audio.csproj", "{B0351546-9403-4065-BEEC-11DA2D663443}"
EndProject
Project("{FAE04EC0-301F-11D3-BF4B-00C04F79EFBC}") = "Memento.Transcription", "src\Memento.Transcription\Memento.Transcription.csproj", "{5972E4AA-3D54-4BB7-B92C-88E76877F58B}"
EndProject
Project("{FAE04EC0-301F-11D3-BF4B-00C04F79EFBC}") = "Memento.Documents", "src\Memento.Documents\Memento.Documents.csproj", "{39E6F413-2783-4069-9A89-2475A5372722}"
EndProject
Project("{FAE04EC0-301F-11D3-BF4B-00C04F79EFBC}") = "Memento.AI", "src\Memento.AI\Memento.AI.csproj", "{39BD9627-8650-4090-8CB8-540F724C1C42}"
EndProject
Project("{2150E333-8FDC-42A3-9474-1A3956D46DE8}") = "tests", "tests", "{547D6D72-6404-4E58-A9C4-A61A403C0AB5}"
EndProject
Project("{FAE04EC0-301F-11D3-BF4B-00C04F79EFBC}") = "Memento.Core.Tests", "tests\Memento.Core.Tests\Memento.Core.Tests.csproj", "{69F4FD88-74F8-4255-ADCA-44CA256CA63D}"
EndProject
Project("{FAE04EC0-301F-11D3-BF4B-00C04F79EFBC}") = "Memento.App", "src\Memento.App\Memento.App.csproj", "{88C095B8-EA9B-4662-9778-F7550DA24BE9}"
EndProject
Project("{FAE04EC0-301F-11D3-BF4B-00C04F79EFBC}") = "Memento.Audio.Tests", "tests\Memento.Audio.Tests\Memento.Audio.Tests.csproj", "{84DA109C-EA8E-459D-AD92-0A65F4ADA30C}"
EndProject
Project("{2150E333-8FDC-42A3-9474-1A3956D46DE8}") = "tools", "tools", "{91308A4C-256E-4833-94A0-BFE4831FB330}"
EndProject
Project("{FAE04EC0-301F-11D3-BF4B-00C04F79EFBC}") = "AudioCheck", "tools\AudioCheck\AudioCheck.csproj", "{E80DB013-4EF3-415F-80E7-679DD5B31E63}"
EndProject
Global
	GlobalSection(SolutionConfigurationPlatforms) = preSolution
		Debug|Any CPU = Debug|Any CPU
		Release|Any CPU = Release|Any CPU
	EndGlobalSection
	GlobalSection(SolutionProperties) = preSolution
		HideSolutionNode = FALSE
	EndGlobalSection
	GlobalSection(ProjectConfigurationPlatforms) = postSolution
		{A0606275-E07D-482E-BEDE-5B7E657B54AB}.Debug|Any CPU.ActiveCfg = Debug|Any CPU
		{A0606275-E07D-482E-BEDE-5B7E657B54AB}.Debug|Any CPU.Build.0 = Debug|Any CPU
		{A0606275-E07D-482E-BEDE-5B7E657B54AB}.Release|Any CPU.ActiveCfg = Release|Any CPU
		{A0606275-E07D-482E-BEDE-5B7E657B54AB}.Release|Any CPU.Build.0 = Release|Any CPU
		{B0351546-9403-4065-BEEC-11DA2D663443}.Debug|Any CPU.ActiveCfg = Debug|Any CPU
		{B0351546-9403-4065-BEEC-11DA2D663443}.Debug|Any CPU.Build.0 = Debug|Any CPU
		{B0351546-9403-4065-BEEC-11DA2D663443}.Release|Any CPU.ActiveCfg = Release|Any CPU
		{B0351546-9403-4065-BEEC-11DA2D663443}.Release|Any CPU.Build.0 = Release|Any CPU
		{5972E4AA-3D54-4BB7-B92C-88E76877F58B}.Debug|Any CPU.ActiveCfg = Debug|Any CPU
		{5972E4AA-3D54-4BB7-B92C-88E76877F58B}.Debug|Any CPU.Build.0 = Debug|Any CPU
		{5972E4AA-3D54-4BB7-B92C-88E76877F58B}.Release|Any CPU.ActiveCfg = Release|Any CPU
		{5972E4AA-3D54-4BB7-B92C-88E76877F58B}.Release|Any CPU.Build.0 = Release|Any CPU
		{39E6F413-2783-4069-9A89-2475A5372722}.Debug|Any CPU.ActiveCfg = Debug|Any CPU
		{39E6F413-2783-4069-9A89-2475A5372722}.Debug|Any CPU.Build.0 = Debug|Any CPU
		{39E6F413-2783-4069-9A89-2475A5372722}.Release|Any CPU.ActiveCfg = Release|Any CPU
		{39E6F413-2783-4069-9A89-2475A5372722}.Release|Any CPU.Build.0 = Release|Any CPU
		{39BD9627-8650-4090-8CB8-540F724C1C42}.Debug|Any CPU.ActiveCfg = Debug|Any CPU
		{39BD9627-8650-4090-8CB8-540F724C1C42}.Debug|Any CPU.Build.0 = Debug|Any CPU
		{39BD9627-8650-4090-8CB8-540F724C1C42}.Release|Any CPU.ActiveCfg = Release|Any CPU
		{39BD9627-8650-4090-8CB8-540F724C1C42}.Release|Any CPU.Build.0 = Release|Any CPU
		{69F4FD88-74F8-4255-ADCA-44CA256CA63D}.Debug|Any CPU.ActiveCfg = Debug|Any CPU
		{69F4FD88-74F8-4255-ADCA-44CA256CA63D}.Debug|Any CPU.Build.0 = Debug|Any CPU
		{69F4FD88-74F8-4255-ADCA-44CA256CA63D}.Release|Any CPU.ActiveCfg = Release|Any CPU
		{69F4FD88-74F8-4255-ADCA-44CA256CA63D}.Release|Any CPU.Build.0 = Release|Any CPU
		{88C095B8-EA9B-4662-9778-F7550DA24BE9}.Debug|Any CPU.ActiveCfg = Debug|Any CPU
		{88C095B8-EA9B-4662-9778-F7550DA24BE9}.Debug|Any CPU.Build.0 = Debug|Any CPU
		{88C095B8-EA9B-4662-9778-F7550DA24BE9}.Release|Any CPU.ActiveCfg = Release|Any CPU
		{88C095B8-EA9B-4662-9778-F7550DA24BE9}.Release|Any CPU.Build.0 = Release|Any CPU
		{84DA109C-EA8E-459D-AD92-0A65F4ADA30C}.Debug|Any CPU.ActiveCfg = Debug|Any CPU
		{84DA109C-EA8E-459D-AD92-0A65F4ADA30C}.Debug|Any CPU.Build.0 = Debug|Any CPU
		{84DA109C-EA8E-459D-AD92-0A65F4ADA30C}.Release|Any CPU.ActiveCfg = Release|Any CPU
		{84DA109C-EA8E-459D-AD92-0A65F4ADA30C}.Release|Any CPU.Build.0 = Release|Any CPU
		{E80DB013-4EF3-415F-80E7-679DD5B31E63}.Debug|Any CPU.ActiveCfg = Debug|Any CPU
		{E80DB013-4EF3-415F-80E7-679DD5B31E63}.Debug|Any CPU.Build.0 = Debug|Any CPU
		{E80DB013-4EF3-415F-80E7-679DD5B31E63}.Release|Any CPU.ActiveCfg = Release|Any CPU
		{E80DB013-4EF3-415F-80E7-679DD5B31E63}.Release|Any CPU.Build.0 = Release|Any CPU
	EndGlobalSection
	GlobalSection(NestedProjects) = preSolution
		{A0606275-E07D-482E-BEDE-5B7E657B54AB} = {9500C414-5E29-4D0F-969D-3277A02E55B3}
		{B0351546-9403-4065-BEEC-11DA2D663443} = {9500C414-5E29-4D0F-969D-3277A02E55B3}
		{5972E4AA-3D54-4BB7-B92C-88E76877F58B} = {9500C414-5E29-4D0F-969D-3277A02E55B3}
		{39E6F413-2783-4069-9A89-2475A5372722} = {9500C414-5E29-4D0F-969D-3277A02E55B3}
		{39BD9627-8650-4090-8CB8-540F724C1C42} = {9500C414-5E29-4D0F-969D-3277A02E55B3}
		{69F4FD88-74F8-4255-ADCA-44CA256CA63D} = {547D6D72-6404-4E58-A9C4-A61A403C0AB5}
		{88C095B8-EA9B-4662-9778-F7550DA24BE9} = {9500C414-5E29-4D0F-969D-3277A02E55B3}
		{84DA109C-EA8E-459D-AD92-0A65F4ADA30C} = {547D6D72-6404-4E58-A9C4-A61A403C0AB5}
		{E80DB013-4EF3-415F-80E7-679DD5B31E63} = {91308A4C-256E-4833-94A0-BFE4831FB330}
	EndGlobalSection
EndGlobal
